
Microsoft Visual Studio Solution File, Format Version 12.00
# Visual Studio 15
VisualStudioVersion = 15.0.28307.1433
MinimumVisualStudioVersion = 10.0.40219.1
Project("{159641D6-6404-4A2A-AE62-294DE0FE8301}") = "CICDVersion2", "CICDVersion2\CICDVersion2.dtproj", "{CFA4C203-897E-41FE-8B5F-835291E144B7}"
EndProject
Global
	GlobalSection(SolutionConfigurationPlatforms) = preSolution
		Development|Default = Development|Default
	EndGlobalSection
	GlobalSection(ProjectConfigurationPlatforms) = postSolution
		{CFA4C203-897E-41FE-8B5F-835291E144B7}.Development|Default.ActiveCfg = Development
		{CFA4C203-897E-41FE-8B5F-835291E144B7}.Development|Default.Build.0 = Development
	EndGlobalSection
	GlobalSection(SolutionProperties) = preSolution
		HideSolutionNode = FALSE
	EndGlobalSection
	GlobalSection(ExtensibilityGlobals) = postSolution
		SolutionGuid = {F538C6D8-02C0-4502-8849-9BEBDCB3F0A9}
	EndGlobalSection
EndGlobal
